
Microsoft Visual Studio Solution File, Format Version 12.00
# Visual Studio Version 16
VisualStudioVersion = 16.0.30503.244
MinimumVisualStudioVersion = 10.0.40219.1
Project("{FAE04EC0-301F-11D3-BF4B-00C04F79EFBC}") = "TeacherAppAssign3", "TeacherAppAssign3\TeacherAppAssign3.csproj", "{6018B235-44B2-4E46-9FC3-A1FDEA345DEB}"
EndProject
Global
	GlobalSection(SolutionConfigurationPlatforms) = preSolution
		Debug|Any CPU = Debug|Any CPU
		Release|Any CPU = Release|Any CPU
	EndGlobalSection
	GlobalSection(ProjectConfigurationPlatforms) = postSolution
		{6018B235-44B2-4E46-9FC3-A1FDEA345DEB}.Debug|Any CPU.ActiveCfg = Debug|Any CPU
		{6018B235-44B2-4E46-9FC3-A1FDEA345DEB}.Debug|Any CPU.Build.0 = Debug|Any CPU
		{6018B235-44B2-4E46-9FC3-A1FDEA345DEB}.Release|Any CPU.ActiveCfg = Release|Any CPU
		{6018B235-44B2-4E46-9FC3-A1FDEA345DEB}.Release|Any CPU.Build.0 = Release|Any CPU
	EndGlobalSection
	GlobalSection(SolutionProperties) = preSolution
		HideSolutionNode = FALSE
	EndGlobalSection
	GlobalSection(ExtensibilityGlobals) = postSolution
		SolutionGuid = {BC09A97A-ACE8-446A-A001-4EB03C64C84A}
	EndGlobalSection
EndGlobal
